
Microsoft Visual Studio Solution File, Format Version 12.00
# Visual Studio 15
VisualStudioVersion = 15.0.28307.438
MinimumVisualStudioVersion = 10.0.40219.1
Project("{8BC9CEB8-8B4A-11D0-8D11-00A0C91BC942}") = "4,23 ++", "4,23 ++\4,23 ++.vcxproj", "{729604F6-B34A-4AF3-920B-E25E5937C0EA}"
EndProject
Global
	GlobalSection(SolutionConfigurationPlatforms) = preSolution
		Debug|x64 = Debug|x64
		Debug|x86 = Debug|x86
		Release|x64 = Release|x64
		Release|x86 = Release|x86
	EndGlobalSection
	GlobalSection(ProjectConfigurationPlatforms) = postSolution
		{729604F6-B34A-4AF3-920B-E25E5937C0EA}.Debug|x64.ActiveCfg = Debug|x64
		{729604F6-B34A-4AF3-920B-E25E5937C0EA}.Debug|x64.Build.0 = Debug|x64
		{729604F6-B34A-4AF3-920B-E25E5937C0EA}.Debug|x86.ActiveCfg = Debug|Win32
		{729604F6-B34A-4AF3-920B-E25E5937C0EA}.Debug|x86.Build.0 = Debug|Win32
		{729604F6-B34A-4AF3-920B-E25E5937C0EA}.Release|x64.ActiveCfg = Release|x64
		{729604F6-B34A-4AF3-920B-E25E5937C0EA}.Release|x64.Build.0 = Release|x64
		{729604F6-B34A-4AF3-920B-E25E5937C0EA}.Release|x86.ActiveCfg = Release|Win32
		{729604F6-B34A-4AF3-920B-E25E5937C0EA}.Release|x86.Build.0 = Release|Win32
	EndGlobalSection
	GlobalSection(SolutionProperties) = preSolution
		HideSolutionNode = FALSE
	EndGlobalSection
	GlobalSection(ExtensibilityGlobals) = postSolution
		SolutionGuid = {BC3C4E23-83BB-41D1-8515-B18DE8D7FBDF}
	EndGlobalSection
EndGlobal
